  version "1.0.7"
  resolved "https://registry.yarnpkg.com/path-parse/-/path-parse-1.0.7.tgz#fbc114b60ca42b30d9daf5858e4bd68bbedb6735"
  integrity sha512-LDJzPVEEEPR+y48z93A0Ed0yXb8pAByGWo/k5YYdYgpY2/2EsOsksJrq7lOHxryrVOn1ejG6oAp8ahvOIQD8sw==

path-scurry@^1.10.1, path-scurry@^1.11.0:
  version "1.11.1"
  resolved "https://registry.yarnpkg.com/path-scurry/-/path-scurry-1.11.1.tgz#7960a668888594a0720b12a911d1a742ab9f11d2"
  integrity sha512-Xa4Nw17FS9ApQFJ9umLiJS4orGjm7ZzwUrwamcGQuHSzDyth9boKDaycYdDcZDuqYATXw4HFXgaqWTctW/v1HA==
  dependencies:
    lru-cache "^10.2.0"
    minipass "^5.0.0 || ^6.0.2 || ^7.0.0"

path-type@^4.0.0:
  version "4.0.0"
  resolved "https://registry.yarnpkg.com/path-type/-/path-type-4.0.0.tgz#84ed01c0a7ba380afe09d90a8c180dcd9d03043b"
  integrity sha512-gDKb8aZMDeD/tZWs9P6+q0J9Mwkdl6xMV8TjnGP3qJVJ06bdMgkbBlLU8IdfOsIsFz2BW1rNVT3XuNEl8zPAvw==

picocolors@^1.0.0:
  version "1.0.1"
  resolved "https://registry.yarnpkg.com/picocolors/-/picocolors-1.0.1.tgz#a8ad579b571952f0e5d25892de5445bcfe25aaa1"
  integrity sha512-anP1Z8qwhkbmu7MFP5iTt+wQKXgwzf7zTyGlcdzabySa9vd0Xt392U0rVmz9poOaBj0uHJKyyo9/upk0HrEQew==

picomatch@^2.0.4, picomatch@^2.2.1, picomatch@^2.3.1:
  version "2.3.1"
  resolved "https://registry.yarnpkg.com/picomatch/-/picomatch-2.3.1.tgz#3ba3833733646d9d3e4995946c1365a67fb07a42"
  integrity sha512-JU3teHTNjmE2VCGFzuY8EXzCDVwEqB2a8fsIvwaStHhAWJEeVd1o1QD80CU6+ZdEXXSLbSsuLwJjkCBWqRQUVA==

pify@^2.3.0:
  version "2.3.0"
  resolved "https://registry.yarnpkg.com/pify/-/pify-2.3.0.tgz#ed141a6ac043a849ea588498e7dca8b15330e90c"
  integrity sha512-udgsAY+fTnvv7kI7aaxbqwWNb0AHiB0qBO89PZKPkoTmGOgdbrHDKD+0B2X4uTfJ/FT1R09r9gTsjUjNJotuog==

pirates@^4.0.1:
  version "4.0.6"
  resolved "https://registry.yarnpkg.com/pirates/-/pirates-4.0.6.tgz#3018ae32ecfcff6c29ba2267cbf21166ac1f36b9"
  integrity sha512-saLsH7WeYYPiD25LDuLRRY/i+6HaPYr6G1OUlN39otzkSTxKnubR9RTxS3/Kk50s1g2JTgFwWQDQyplC5/SHZg==

possible-typed-array-names@^1.0.0:
  version "1.0.0"
  resolved "https://registry.yarnpkg.com/possible-typed-array-names/-/possible-typed-array-names-1.0.0.tgz#89bb63c6fada2c3e90adc4a647beeeb39cc7bf8f"
  integrity sha512-d7Uw+eZoloe0EHDIYoe+bQ5WXnGMOpmiZFTuMWCwpjzzkL2nTjcKiAk4hh8TjnGye2TwWOk3UXucZ+3rbmBa8Q==

postcss-import@^15.1.0:
  version "15.1.0"
  resolved "https://registry.yarnpkg.com/postcss-import/-/postcss-import-15.1.0.tgz#41c64ed8cc0e23735a9698b3249ffdbf704adc70"
  integrity sha512-hpr+J05B2FVYUAXHeK1YyI267J/dDDhMU6B6civm8hSY1jYJnBXxzKDKDswzJmtLHryrjhnDjqqp/49t8FALew==
  dependencies:
    postcss-value-parser "^4.0.0"
    read-cache "^1.0.0"
    resolve "^1.1.7"

postcss-js@^4.0.1:
  version "4.0.1"
  resolved "https://registry.yarnpkg.com/postcss-js/-/postcss-js-4.0.1.tgz#61598186f3703bab052f1c4f7d805f3991bee9d2"
  integrity sha512-dDLF8pEO191hJMtlHFPRa8xsizHaM82MLfNkUHdUtVEV3tgTp5oj+8qbEqYM57SLfc74KSbw//4SeJma2LRVIw==
  dependencies:
    camelcase-css "^2.0.1"

postcss-load-config@^4.0.1:
  version "4.0.2"
  resolved "https://registry.yarnpkg.com/postcss-load-config/-/postcss-load-config-4.0.2.tgz#7159dcf626118d33e299f485d6afe4aff7c4a3e3"
  integrity sha512-bSVhyJGL00wMVoPUzAVAnbEoWyqRxkjv64tUl427SKnPrENtq6hJwUojroMz2VB+Q1edmi4IfrAPpami5VVgMQ==
  dependencies:
    lilconfig "^3.0.0"
    yaml "^2.3.4"

postcss-nested@^6.0.1:
  version "6.0.1"
  resolved "https://registry.yarnpkg.com/postcss-nested/-/postcss-nested-6.0.1.tgz#f83dc9846ca16d2f4fa864f16e9d9f7d0961662c"
  integrity sha512-mEp4xPMi5bSWiMbsgoPfcP74lsWLHkQbZc3sY+jWYd65CUwXrUaTp0fmNpa01ZcETKlIgUdFN/MpS2xZtqL9dQ==
  dependencies:
    postcss-selector-parser "^6.0.11"

postcss-selector-parser@^6.0.11:
  version "6.0.16"
  resolved "https://registry.yarnpkg.com/postcss-selector-parser/-/postcss-selector-parser-6.0.16.tgz#3b88b9f5c5abd989ef4e2fc9ec8eedd34b20fb04"
  integrity sha512-A0RVJrX+IUkVZbW3ClroRWurercFhieevHB38sr2+l9eUClMqome3LmEmnhlNy+5Mr2EYN6B2Kaw9wYdd+VHiw==
  dependencies:
    cssesc "^3.0.0"
    util-deprecate "^1.0.2"

postcss-value-parser@^4.0.0:
  version "4.2.0"
  resolved "https://registry.yarnpkg.com/postcss-value-parser/-/postcss-value-parser-4.2.0.tgz#723c09920836ba6d3e5af019f92bc0971c02e514"
  integrity sha512-1NNCs6uurfkVbeXG4S8JFT9t19m45ICnif8zWLd5oPSZ50QnwMfK+H3jv408d4jw/7Bttv5axS5IiHoLaVNHeQ==

postcss@8.4.31:
  version "8.4.31"
  resolved "https://registry.yarnpkg.com/postcss/-/postcss-8.4.31.tgz#92b451050a9f914da6755af352bdc0192508656d"
  integrity sha512-PS08Iboia9mts/2ygV3eLpY5ghnUcfLV/EXTOW1E2qYxJKGGBUtNjN76FYHnMs36RmARn41bC0AZmn+rR0OVpQ==
  dependencies:
    nanoid "^3.3.6"
    picocolors "^1.0.0"
    source-map-js "^1.0.2"

postcss@^8, postcss@^8.4.23:
  version "8.4.38"
  resolved "https://registry.yarnpkg.com/postcss/-/postcss-8.4.38.tgz#b387d533baf2054288e337066d81c6bee9db9e0e"
  integrity sha512-Wglpdk03BSfXkHoQa3b/oulrotAkwrlLDRSOb9D0bN86FdRyE9lppSp33aHNPgBa0JKCoB+drFLZkQoRRYae5A==
  dependencies:
    nanoid "^3.3.7"
    picocolors "^1.0.0"
    source-map-js "^1.2.0"

preact-render-to-string@5.2.3:
  version "5.2.3"
  resolved "https://registry.yarnpkg.com/preact-render-to-string/-/preact-render-to-string-5.2.3.tgz#23d17376182af720b1060d5a4099843c7fe92fe4"
  integrity sha512-aPDxUn5o3GhWdtJtW0svRC2SS/l8D9MAgo2+AWml+BhDImb27ALf04Q2d+AHqUUOc6RdSXFIBVa2gxzgMKgtZA==
  dependencies:
    pretty-format "^3.8.0"

preact@10.11.3:
  version "10.11.3"
  resolved "https://registry.yarnpkg.com/preact/-/preact-10.11.3.tgz#8a7e4ba19d3992c488b0785afcc0f8aa13c78d19"
  integrity sha512-eY93IVpod/zG3uMF22Unl8h9KkrcKIRs2EGar8hwLZZDU1lkjph303V9HZBwufh2s736U6VXuhD109LYqPoffg==

prelude-ls@^1.2.1:
  version "1.2.1"
  resolved "https://registry.yarnpkg.com/prelude-ls/-/prelude-ls-1.2.1.tgz#debc6489d7a6e6b0e7611888cec880337d316396"
  integrity sha512-vkcDPrRZo1QZLbn5RLGPpg/WmIQ65qoWWhcGKf/b5eplkkarX0m9z8ppCat4mlOqUsWpyNuYgO3VRyrYHSzX5g==

prettier@3.2.5:
  version "3.2.5"
  resolved "https://registry.yarnpkg.com/prettier/-/prettier-3.2.5.tgz#e52bc3090586e824964a8813b09aba6233b28368"
  integrity sha512-3/GWa9aOC0YeD7LUfvOG2NiDyhOWRvt1k+rcKhOuYnMY24iiCphgneUfJDyFXd6rZCAnuLBv6UeAULtrhT/F4A==

pretty-format@^3.8.0:
  version "3.8.0"
  resolved "https://registry.yarnpkg.com/pretty-format/-/pretty-format-3.8.0.tgz#bfbed56d5e9a776645f4b1ff7aa1a3ac4fa3c385"
  integrity sha512-WuxUnVtlWL1OfZFQFuqvnvs6MiAGk9UNsBostyBOB0Is9wb5uRESevA6rnl/rkksXaGX3GzZhPup5d6Vp1nFew==

prop-types@^15.7.2, prop-types@^15.8.1:
  version "15.8.1"
  resolved "https://registry.yarnpkg.com/prop-types/-/prop-types-15.8.1.tgz#67d87bf1a694f48435cf332c24af10214a3140b5"
  integrity sha512-oj87CgZICdulUohogVAR7AjlC0327U4el4L6eAvOqCeudMDVU0NThNaV+b9Df4dXgSP1gXMTnPdhfe/2qDH5cg==
  dependencies:
    loose-envify "^1.4.0"
    object-assign "^4.1.1"
    react-is "^16.13.1"

property-expr@^2.0.5:
  version "2.0.6"
  resolved "https://registry.yarnpkg.com/property-expr/-/property-expr-2.0.6.tgz#f77bc00d5928a6c748414ad12882e83f24aec1e8"
  integrity sha512-SVtmxhRE/CGkn3eZY1T6pC8Nln6Fr/lu1mKSgRud0eC73whjGfoAogbn78LkD8aFL0zz3bAFerKSnOl7NlErBA==

proxy-from-env@^1.1.0:
  version "1.1.0"
  resolved "https://registry.yarnpkg.com/proxy-from-env/-/proxy-from-env-1.1.0.tgz#e102f16ca355424865755d2c9e8ea4f24d58c3e2"
  integrity sha512-D+zkORCbA9f1tdWRK0RaCR3GPv50cMxcrz4X8k5LTSUD1Dkw47mKJEZQNunItRTkWwgtaUSo1RVFRIG9ZXiFYg==

punycode@^2.1.0:
  version "2.3.1"
  resolved "https://registry.yarnpkg.com/punycode/-/punycode-2.3.1.tgz#027422e2faec0b25e1549c3e1bd8309b9133b6e5"
  integrity sha512-vYt7UD1U9Wg6138shLtLOvdAu+8DsC/ilFtEVHcH+wydcSpNE20AfSOduf6MkRFahL5FY7X1oU7nKVZFtfq8Fg==

queue-microtask@^1.2.2:
  version "1.2.3"
  resolved "https://registry.yarnpkg.com/queue-microtask/-/queue-microtask-1.2.3.tgz#4929228bbc724dfac43e0efb058caf7b6cfb6243"
  integrity sha512-NuaNSa6flKT5JaSYQzJok04JzTL1CA6aGhv5rfLW3PgqA+M2ChpZQnAC8h8i4ZFkBS8X5RqkDBHA7r4hej3K9A==

react-dom@^18:
  version "18.3.1"
  resolved "https://registry.yarnpkg.com/react-dom/-/react-dom-18.3.1.tgz#c2265d79511b57d479b3dd3fdfa51536494c5cb4"
  integrity sha512-5m4nQKp+rZRb09LNH59GM4BxTh9251/ylbKIbpe7TpGxfJ+9kv6BLkLBXIjjspbgbnIBNqlI23tRnTWT0snUIw==
  dependencies:
    loose-envify "^1.1.0"
    scheduler "^0.23.2"

react-hook-form@^7.51.5:
  version "7.51.5"
  resolved "https://registry.yarnpkg.com/react-hook-form/-/react-hook-form-7.51.5.tgz#4afbfb819312db9fea23e8237a3a0d097e128b43"
  integrity sha512-J2ILT5gWx1XUIJRETiA7M19iXHlG74+6O3KApzvqB/w8S5NQR7AbU8HVZrMALdmDgWpRPYiZJl0zx8Z4L2mP6Q==

react-is@^16.13.1:
  version "16.13.1"
  resolved "https://registry.yarnpkg.com/react-is/-/react-is-16.13.1.tgz#789729a4dc36de2999dc156dd6c1d9c18cea56a4"
  integrity sha512-24e6ynE2H+OKt4kqsOvNd8kBpV65zoxbA4BVsEOB3ARVWQki/DHzaUoC5KuON/BiccDaCCTZBuOcfZs70kR8bQ==

react@^18:
  version "18.3.1"
  resolved "https://registry.yarnpkg.com/react/-/react-18.3.1.tgz#49ab892009c53933625bd16b2533fc754cab2891"
  integrity sha512-wS+hAgJShR0KhEvPJArfuPVN1+Hz1t0Y6n5jLrGQbkb4urgPE/0Rve+1kMB1v/oWgHgm4WIcV+i7F2pTVj+2iQ==
  dependencies:
    loose-envify "^1.1.0"

read-cache@^1.0.0:
  version "1.0.0"
  resolved "https://registry.yarnpkg.com/read-cache/-/read-cache-1.0.0.tgz#e664ef31161166c9751cdbe8dbcf86b5fb58f774"
  integrity sha512-Owdv/Ft7IjOgm/i0xvNDZ1LrRANRfew4b2prF3OWMQLxLfu3bS8FVhCsrSCMK4lR56Y9ya+AThoTpDCTxCmpRA==
  dependencies:
    pify "^2.3.0"

readdirp@~3.6.0:
  version "3.6.0"
  resolved "https://registry.yarnpkg.com/readdirp/-/readdirp-3.6.0.tgz#74a370bd857116e245b29cc97340cd431a02a6c7"
  integrity sha512-hOS089on8RduqdbhvQ5Z37A0ESjsqz6qnRcffsMU3495FuTdqSm+7bhJ29JvIOsBDEEnan5DPu9t3To9VRlMzA==
  dependencies:
    picomatch "^2.2.1"

reflect.getprototypeof@^1.0.4:
  version "1.0.6"
  resolved "https://registry.yarnpkg.com/reflect.getprototypeof/-/reflect.getprototypeof-1.0.6.tgz#3ab04c32a8390b770712b7a8633972702d278859"
  integrity sha512-fmfw4XgoDke3kdI6h4xcUz1dG8uaiv5q9gcEwLS4Pnth2kxT+GZ7YehS1JTMGBQmtV7Y4GFGbs2re2NqhdozUg==
  dependencies:
    call-bind "^1.0.7"
    define-properties "^1.2.1"
    es-abstract "^1.23.1"
    es-errors "^1.3.0"
    get-intrinsic "^1.2.4"
    globalthis "^1.0.3"
    which-builtin-type "^1.1.3"

regenerator-runtime@^0.14.0:
  version "0.14.1"
  resolved "https://registry.yarnpkg.com/regenerator-runtime/-/regenerator-runtime-0.14.1.tgz#356ade10263f685dda125100cd862c1db895327f"
  integrity sha512-dYnhHh0nJoMfnkZs6GmmhFknAGRrLznOu5nc9ML+EJxGvrx6H7teuevqVqCuPcPK//3eDrrjQhehXVx9cnkGdw==

regexp.prototype.flags@^1.5.2:
  version "1.5.2"
  resolved "https://registry.yarnpkg.com/regexp.prototype.flags/-/regexp.prototype.flags-1.5.2.tgz#138f644a3350f981a858c44f6bb1a61ff59be334"
  integrity sha512-NcDiDkTLuPR+++OCKB0nWafEmhg/Da8aUPLPMQbK+bxKKCm1/S5he+AqYa4PlMCVBalb4/yxIRub6qkEx5yJbw==
  dependencies:
    call-bind "^1.0.6"
    define-properties "^1.2.1"
    es-errors "^1.3.0"
    set-function-name "^2.0.1"

resolve-from@^4.0.0:
  version "4.0.0"
  resolved "https://registry.yarnpkg.com/resolve-from/-/resolve-from-4.0.0.tgz#4abcd852ad32dd7baabfe9b40e00a36db5f392e6"
  integrity sha512-pb/MYmXstAkysRFx8piNI1tGFNQIFA3vkE3Gq4EuA1dF6gHp/+vgZqsCGJapvy8N3Q+4o7FwvquPJcnZ7RYy4g==

resolve-pkg-maps@^1.0.0:
  version "1.0.0"
  resolved "https://registry.yarnpkg.com/resolve-pkg-maps/-/resolve-pkg-maps-1.0.0.tgz#616b3dc2c57056b5588c31cdf4b3d64db133720f"
  integrity sha512-seS2Tj26TBVOC2NIc2rOe2y2ZO7efxITtLZcGSOnHHNOQ7CkiUBfw0Iw2ck6xkIhPwLhKNLS8BO+hEpngQlqzw==

resolve@^1.1.7, resolve@^1.22.2, resolve@^1.22.4:
  version "1.22.8"
  resolved "https://registry.yarnpkg.com/resolve/-/resolve-1.22.8.tgz#b6c87a9f2aa06dfab52e3d70ac8cde321fa5a48d"
  integrity sha512-oKWePCxqpd6FlLvGV1VU0x7bkPmmCNolxzjMf4NczoDnQcIWrAF+cPtZn5i6n+RfD2d9i0tzpKnG6Yk168yIyw==
  dependencies:
    is-core-module "^2.13.0"
    path-parse "^1.0.7"
    supports-preserve-symlinks-flag "^1.0.0"

resolve@^2.0.0-next.5:
  version "2.0.0-next.5"
  resolved "https://registry.yarnpkg.com/resolve/-/resolve-2.0.0-next.5.tgz#6b0ec3107e671e52b68cd068ef327173b90dc03c"
  integrity sha512-U7WjGVG9sH8tvjW5SmGbQuui75FiyjAX72HX15DwBBwF9dNiQZRQAg9nnPhYy+TUnE0+VcrttuvNI8oSxZcocA==
  dependencies:
    is-core-module "^2.13.0"
    path-parse "^1.0.7"
    supports-preserve-symlinks-flag "^1.0.0"

reusify@^1.0.4:
  version "1.0.4"
  resolved "https://registry.yarnpkg.com/reusify/-/reusify-1.0.4.tgz#90da382b1e126efc02146e90845a88db12925d76"
  integrity sha512-U9nH88a3fc/ekCF1l0/UP1IosiuIjyTh7hBvXVMHYgVcfGvt897Xguj2UOLDeI5BG2m7/uwyaLVT6fbtCwTyzw==

rimraf@^3.0.2:
  version "3.0.2"
  resolved "https://registry.yarnpkg.com/rimraf/-/rimraf-3.0.2.tgz#f1a5402ba6220ad52cc1282bac1ae3aa49fd061a"
  integrity sha512-JZkJMZkAGFFPP2YqXZXPbMlMBgsxzE8ILs4lMIX/2o0L9UBw9O/Y3o6wFw/i9YLapcUJWwqbi3kdxIPdC62TIA==
  dependencies:
    glob "^7.1.3"

run-parallel@^1.1.9:
  version "1.2.0"
  resolved "https://registry.yarnpkg.com/run-parallel/-/run-parallel-1.2.0.tgz#66d1368da7bdf921eb9d95bd1a9229e7f21a43ee"
  integrity sha512-5l4VyZR86LZ/lDxZTR6jqL8AFE2S0IFLMP26AbjsLVADxHdhB/c0GUsH+y39UfCi3dzz8OlQuPmnaJOMoDHQBA==
  dependencies:
    queue-microtask "^1.2.2"

safe-array-concat@^1.1.2:
  version "1.1.2"
  resolved "https://registry.yarnpkg.com/safe-array-concat/-/safe-array-concat-1.1.2.tgz#81d77ee0c4e8b863635227c721278dd524c20edb"
  integrity sha512-vj6RsCsWBCf19jIeHEfkRMw8DPiBb+DMXklQ/1SGDHOMlHdPUkZXFQ2YdplS23zESTijAcurb1aSgJA3AgMu1Q==
  dependencies:
    call-bind "^1.0.7"
    get-intrinsic "^1.2.4"
    has-symbols "^1.0.3"
    isarray "^2.0.5"

safe-regex-test@^1.0.3:
  version "1.0.3"
  resolved "https://registry.yarnpkg.com/safe-regex-test/-/safe-regex-test-1.0.3.tgz#a5b4c0f06e0ab50ea2c395c14d8371232924c377"
  integrity sha512-CdASjNJPvRa7roO6Ra/gLYBTzYzzPyyBXxIMdGW3USQLyjWEls2RgW5UBTXaQVp+OrpeCK3bLem8smtmheoRuw==
  dependencies:
    call-bind "^1.0.6"
    es-errors "^1.3.0"
    is-regex "^1.1.4"

scheduler@^0.23.2:
  version "0.23.2"
  resolved "https://registry.yarnpkg.com/scheduler/-/scheduler-0.23.2.tgz#414ba64a3b282892e944cf2108ecc078d115cdc3"
  integrity sha512-UOShsPwz7NrMUqhR6t0hWjFduvOzbtv7toDH1/hIrfRNIDBnnBWd0CwJTGvTpngVlmwGCdP9/Zl/tVrDqcuYzQ==
  dependencies:
    loose-envify "^1.1.0"

semver@^6.3.1:
  version "6.3.1"
  resolved "https://registry.yarnpkg.com/semver/-/semver-6.3.1.tgz#556d2ef8689146e46dcea4bfdd095f3434dffcb4"
  integrity sha512-BR7VvDCVHO+q2xBEWskxS6DJE1qRnb7DxzUrogb71CWoSficBxYsiAGd+Kl0mmq/MprG9yArRkyrQxTO6XjMzA==

semver@^7.5.4:
  version "7.6.2"
  resolved "https://registry.yarnpkg.com/semver/-/semver-7.6.2.tgz#1e3b34759f896e8f14d6134732ce798aeb0c6e13"
  integrity sha512-FNAIBWCx9qcRhoHcgcJ0gvU7SN1lYU2ZXuSfl04bSC5OpvDHFyJCjdNHomPXxjQlCBU67YW64PzY7/VIEH7F2w==

set-function-length@^1.2.1:
  version "1.2.2"
  resolved "https://registry.yarnpkg.com/set-function-length/-/set-function-length-1.2.2.tgz#aac72314198eaed975cf77b2c3b6b880695e5449"
  integrity sha512-pgRc4hJ4/sNjWCSS9AmnS40x3bNMDTknHgL5UaMBTMyJnU90EgWh1Rz+MC9eFu4BuN/UwZjKQuY/1v3rM7HMfg==
  dependencies:
    define-data-property "^1.1.4"
    es-errors "^1.3.0"
    function-bind "^1.1.2"
    get-intrinsic "^1.2.4"
    gopd "^1.0.1"
    has-property-descriptors "^1.0.2"

set-function-name@^2.0.1, set-function-name@^2.0.2:
  version "2.0.2"
  resolved "https://registry.yarnpkg.com/set-function-name/-/set-function-name-2.0.2.tgz#16a705c5a0dc2f5e638ca96d8a8cd4e1c2b90985"
  integrity sha512-7PGFlmtwsEADb0WYyvCMa1t+yke6daIG4Wirafur5kcf+MhUnPms1UeR0CKQdTZD81yESwMHbtn+TR+dMviakQ==
  dependencies:
    define-data-property "^1.1.4"
    es-errors "^1.3.0"
    functions-have-names "^1.2.3"
    has-property-descriptors "^1.0.2"

shebang-command@^2.0.0:
  version "2.0.0"
  resolved "https://registry.yarnpkg.com/shebang-command/-/shebang-command-2.0.0.tgz#ccd0af4f8835fbdc265b82461aaf0c36663f34ea"
  integrity sha512-kHxr2zZpYtdmrN1qDjrrX/Z1rR1kG8Dx+gkpK1G4eXmvXswmcE1hTWBWYUzlraYw1/yZp6YuDY77YtvbN0dmDA==
  dependencies:
    shebang-regex "^3.0.0"

shebang-regex@^3.0.0:
  version "3.0.0"
  resolved "https://registry.yarnpkg.com/shebang-regex/-/shebang-regex-3.0.0.tgz#ae16f1644d873ecad843b0307b143362d4c42172"
  integrity sha512-7++dFhtcx3353uBaq8DDR4NuxBetBzC7ZQOhmTQInHEd6bSrXdiEyzCvG07Z44UYdLShWUyXt5M/yhz8ekcb1A==

side-channel@^1.0.4, side-channel@^1.0.6:
  version "1.0.6"
  resolved "https://registry.yarnpkg.com/side-channel/-/side-channel-1.0.6.tgz#abd25fb7cd24baf45466406b1096b7831c9215f2"
  integrity sha512-fDW/EZ6Q9RiO8eFG8Hj+7u/oW+XrPTIChwCOM2+th2A6OblDtYYIpve9m+KvI9Z4C9qSEXlaGR6bTEYHReuglA==
  dependencies:
    call-bind "^1.0.7"
    es-errors "^1.3.0"
    get-intrinsic "^1.2.4"
    object-inspect "^1.13.1"

signal-exit@^4.0.1:
  version "4.1.0"
  resolved "https://registry.yarnpkg.com/signal-exit/-/signal-exit-4.1.0.tgz#952188c1cbd546070e2dd20d0f41c0ae0530cb04"
  integrity sha512-bzyZ1e88w9O1iNJbKnOlvYTrWPDl46O1bG0D3XInv+9tkPrxrN8jUUTiFlDkkmKWgn1M6CfIA13SuGqOa9Korw==

slash@^3.0.0:
  version "3.0.0"
  resolved "https://registry.yarnpkg.com/slash/-/slash-3.0.0.tgz#6539be870c165adbd5240220dbe361f1bc4d4634"
  integrity sha512-g9Q1haeby36OSStwb4ntCGGGaKsaVSjQ68fBxoQcutl5fS1vuY18H3wSt3jFyFtrkx+Kz0V1G85A4MyAdDMi2Q==

source-map-js@^1.0.2, source-map-js@^1.2.0:
  version "1.2.0"
  resolved "https://registry.yarnpkg.com/source-map-js/-/source-map-js-1.2.0.tgz#16b809c162517b5b8c3e7dcd315a2a5c2612b2af"
  integrity sha512-itJW8lvSA0TXEphiRoawsCksnlf8SyvmFzIhltqAHluXd88pkCd+cXJVHTDwdCr0IzwptSm035IHQktUu1QUMg==

streamsearch@^1.1.0:
  version "1.1.0"
  resolved "https://registry.yarnpkg.com/streamsearch/-/streamsearch-1.1.0.tgz#404dd1e2247ca94af554e841a8ef0eaa238da764"
  integrity sha512-Mcc5wHehp9aXz1ax6bZUyY5afg9u2rv5cqQI3mRrYkGC8rW2hM02jWuwjtL++LS5qinSyhj2QfLyNsuc+VsExg==

"string-width-cjs@npm:string-width@^4.2.0":
  version "4.2.3"
  resolved "https://registry.yarnpkg.com/string-width/-/string-width-4.2.3.tgz#269c7117d27b05ad2e536830a8ec895ef9c6d010"
  integrity sha512-wKyQRQpjJ0sIp62ErSZdGsjMJWsap5oRNihHhu6G7JVO/9jIB6UyevL+tXuOqrng8j/cxKTWyWUwvSTriiZz/g==
  dependencies:
    emoji-regex "^8.0.0"
    is-fullwidth-code-point "^3.0.0"
    strip-ansi "^6.0.1"

string-width@^4.1.0:
  version "4.2.3"
  resolved "https://registry.yarnpkg.com/string-width/-/string-width-4.2.3.tgz#269c7117d27b05ad2e536830a8ec895ef9c6d010"
  integrity sha512-wKyQRQpjJ0sIp62ErSZdGsjMJWsap5oRNihHhu6G7JVO/9jIB6UyevL+tXuOqrng8j/cxKTWyWUwvSTriiZz/g==
  dependencies:
    emoji-regex "^8.0.0"
    is-fullwidth-code-point "^3.0.0"
    strip-ansi "^6.0.1"

string-width@^5.0.1, string-width@^5.1.2:
  version "5.1.2"
  resolved "https://registry.yarnpkg.com/string-width/-/string-width-5.1.2.tgz#14f8daec6d81e7221d2a357e668cab73bdbca794"
  integrity sha512-HnLOCR3vjcY8beoNLtcjZ5/nxn2afmME6lhrDrebokqMap+XbeW8n9TXpPDOqdGK5qcI3oT0GKTW6wC7EMiVqA==
  dependencies:
    eastasianwidth "^0.2.0"
    emoji-regex "^9.2.2"
    strip-ansi "^7.0.1"

string.prototype.matchall@^4.0.10:
  version "4.0.11"
  resolved "https://registry.yarnpkg.com/string.prototype.matchall/-/string.prototype.matchall-4.0.11.tgz#1092a72c59268d2abaad76582dccc687c0297e0a"
  integrity sha512-NUdh0aDavY2og7IbBPenWqR9exH+E26Sv8e0/eTe1tltDGZL+GtBkDAnnyBtmekfK6/Dq3MkcGtzXFEd1LQrtg==
  dependencies:
    call-bind "^1.0.7"
    define-properties "^1.2.1"
    es-abstract "^1.23.2"
    es-errors "^1.3.0"
    es-object-atoms "^1.0.0"
    get-intrinsic "^1.2.4"
    gopd "^1.0.1"
    has-symbols "^1.0.3"
    internal-slot "^1.0.7"
    regexp.prototype.flags "^1.5.2"
    set-function-name "^2.0.2"
    side-channel "^1.0.6"

string.prototype.trim@^1.2.9:
  version "1.2.9"
  resolved "https://registry.yarnpkg.com/string.prototype.trim/-/string.prototype.trim-1.2.9.tgz#b6fa326d72d2c78b6df02f7759c73f8f6274faa4"
  integrity sha512-klHuCNxiMZ8MlsOihJhJEBJAiMVqU3Z2nEXWfWnIqjN0gEFS9J9+IxKozWWtQGcgoa1WUZzLjKPTr4ZHNFTFxw==
  dependencies:
    call-bind "^1.0.7"
    define-properties "^1.2.1"
    es-abstract "^1.23.0"
    es-object-atoms "^1.0.0"

string.prototype.trimend@^1.0.8:
  version "1.0.8"
  resolved "https://registry.yarnpkg.com/string.prototype.trimend/-/string.prototype.trimend-1.0.8.tgz#3651b8513719e8a9f48de7f2f77640b26652b229"
  integrity sha512-p73uL5VCHCO2BZZ6krwwQE3kCzM7NKmis8S//xEC6fQonchbum4eP6kR4DLEjQFO3Wnj3Fuo8NM0kOSjVdHjZQ==
  dependencies:
    call-bind "^1.0.7"
    define-properties "^1.2.1"
    es-object-atoms "^1.0.0"

string.prototype.trimstart@^1.0.8:
  version "1.0.8"
  resolved "https://registry.yarnpkg.com/string.prototype.trimstart/-/string.prototype.trimstart-1.0.8.tgz#7ee834dda8c7c17eff3118472bb35bfedaa34dde"
  integrity sha512-UXSH262CSZY1tfu3G3Secr6uGLCFVPMhIqHjlgCUtCCcgihYc/xKs9djMTMUOb2j1mVSeU8EU6NWc/iQKU6Gfg==
  dependencies:
    call-bind "^1.0.7"
    define-properties "^1.2.1"
    es-object-atoms "^1.0.0"

"strip-ansi-cjs@npm:strip-ansi@^6.0.1":
  version "6.0.1"
  resolved "https://registry.yarnpkg.com/strip-ansi/-/strip-ansi-6.0.1.tgz#9e26c63d30f53443e9489495b2105d37b67a85d9"
  integrity sha512-Y38VPSHcqkFrCpFnQ9vuSXmquuv5oXOKpGeT6aGrr3o3Gc9AlVa6JBfUSOCnbxGGZF+/0ooI7KrPuUSztUdU5A==
  dependencies:
    ansi-regex "^5.0.1"

strip-ansi@^6.0.0, strip-ansi@^6.0.1:
  version "6.0.1"
  resolved "https://registry.yarnpkg.com/strip-ansi/-/strip-ansi-6.0.1.tgz#9e26c63d30f53443e9489495b2105d37b67a85d9"
  integrity sha512-Y38VPSHcqkFrCpFnQ9vuSXmquuv5oXOKpGeT6aGrr3o3Gc9AlVa6JBfUSOCnbxGGZF+/0ooI7KrPuUSztUdU5A==
  dependencies:
    ansi-regex "^5.0.1"

strip-ansi@^7.0.1:
  version "7.1.0"
  resolved "https://registry.yarnpkg.com/strip-ansi/-/strip-ansi-7.1.0.tgz#d5b6568ca689d8561370b0707685d22434faff45"
  integrity sha512-iq6eVVI64nQQTRYq2KtEg2d2uU7LElhTJwsH4YzIHZshxlgZms/wIc4VoDQTlG/IvVIrBKG06CrZnp0qv7hkcQ==
  dependencies:
    ansi-regex "^6.0.1"

strip-bom@^3.0.0:
  version "3.0.0"
  resolved "https://registry.yarnpkg.com/strip-bom/-/strip-bom-3.0.0.tgz#2334c18e9c759f7bdd56fdef7e9ae3d588e68ed3"
  integrity sha512-vavAMRXOgBVNF6nyEEmL3DBK19iRpDcoIwW+swQ+CbGiu7lju6t+JklA1MHweoWtadgt4ISVUsXLyDq34ddcwA==

strip-json-comments@^3.1.1:
  version "3.1.1"
  resolved "https://registry.yarnpkg.com/strip-json-comments/-/strip-json-comments-3.1.1.tgz#31f1281b3832630434831c310c01cccda8cbe006"
  integrity sha512-6fPc+R4ihwqP6N/aIv2f1gMH8lOVtWQHoqC4yK6oSDVVocumAsfCqjkXnqiYMhmMwS/mEHLp7Vehlt3ql6lEig==

styled-jsx@5.1.1:
  version "5.1.1"
  resolved "https://registry.yarnpkg.com/styled-jsx/-/styled-jsx-5.1.1.tgz#839a1c3aaacc4e735fed0781b8619ea5d0009d1f"
  integrity sha512-pW7uC1l4mBZ8ugbiZrcIsiIvVx1UmTfw7UkC3Um2tmfUq9Bhk8IiyEIPl6F8agHgjzku6j0xQEZbfA5uSgSaCw==
  dependencies:
    client-only "0.0.1"

sucrase@^3.32.0:
  version "3.35.0"
  resolved "https://registry.yarnpkg.com/sucrase/-/sucrase-3.35.0.tgz#57f17a3d7e19b36d8995f06679d121be914ae263"
  integrity sha512-8EbVDiu9iN/nESwxeSxDKe0dunta1GOlHufmSSXxMD2z2/tMZpDMpvXQGsc+ajGo8y2uYUmixaSRUc/QPoQ0GA==
  dependencies:
    "@jridgewell/gen-mapping" "^0.3.2"
    commander "^4.0.0"
    glob "^10.3.10"
    lines-and-columns "^1.1.6"
    mz "^2.7.0"
    pirates "^4.0.1"
    ts-interface-checker "^0.1.9"

supports-color@^7.1.0:
  version "7.2.0"
  resolved "https://registry.yarnpkg.com/supports-color/-/supports-color-7.2.0.tgz#1b7dcdcb32b8138801b3e478ba6a51caa89648da"
  integrity sha512-qpCAvRl9stuOHveKsn7HncJRvv501qIacKzQlO/+Lwxc9+0q2wLyv4Dfvt80/DPn2pqOBsJdDiogXGR9+OvwRw==
  dependencies:
    has-flag "^4.0.0"

supports-preserve-symlinks-flag@^1.0.0:
  version "1.0.0"
  resolved "https://registry.yarnpkg.com/supports-preserve-symlinks-flag/-/supports-preserve-symlinks-flag-1.0.0.tgz#6eda4bd344a3c94aea376d4cc31bc77311039e09"
  integrity sha512-ot0WnXS9fgdkgIcePe6RHNk1WA8+muPa6cSjeR3V8K27q9BB1rTE3R1p7Hv0z1ZyAc8s6Vvv8DIyWf681MAt0w==

tabbable@^6.0.0:
  version "6.2.0"
  resolved "https://registry.yarnpkg.com/tabbable/-/tabbable-6.2.0.tgz#732fb62bc0175cfcec257330be187dcfba1f3b97"
  integrity sha512-Cat63mxsVJlzYvN51JmVXIgNoUokrIaT2zLclCXjRd8boZ0004U4KCs/sToJ75C6sdlByWxpYnb5Boif1VSFew==

tailwindcss@^3.4.1:
  version "3.4.3"
  resolved "https://registry.yarnpkg.com/tailwindcss/-/tailwindcss-3.4.3.tgz#be48f5283df77dfced705451319a5dffb8621519"
  integrity sha512-U7sxQk/n397Bmx4JHbJx/iSOOv5G+II3f1kpLpY2QeUv5DcPdcTsYLlusZfq1NthHS1c1cZoyFmmkex1rzke0A==
  dependencies:
    "@alloc/quick-lru" "^5.2.0"
    arg "^5.0.2"
    chokidar "^3.5.3"
    didyoumean "^1.2.2"
    dlv "^1.1.3"
    fast-glob "^3.3.0"
    glob-parent "^6.0.2"
    is-glob "^4.0.3"
    jiti "^1.21.0"
    lilconfig "^2.1.0"
    micromatch "^4.0.5"
    normalize-path "^3.0.0"
    object-hash "^3.0.0"
    picocolors "^1.0.0"
    postcss "^8.4.23"
    postcss-import "^15.1.0"
    postcss-js "^4.0.1"
    postcss-load-config "^4.0.1"
    postcss-nested "^6.0.1"
    postcss-selector-parser "^6.0.11"
    resolve "^1.22.2"
    sucrase "^3.32.0"

tapable@^2.2.0:
  version "2.2.1"
  resolved "https://registry.yarnpkg.com/tapable/-/tapable-2.2.1.tgz#1967a73ef4060a82f12ab96af86d52fdb76eeca0"
  integrity sha512-GNzQvQTOIP6RyTfE2Qxb8ZVlNmw0n88vp1szwWRimP02mnTsx3Wtn5qRdqY9w2XduFNUgvOwhNnQsjwCp+kqaQ==

text-table@^0.2.0:
  version "0.2.0"
  resolved "https://registry.yarnpkg.com/text-table/-/text-table-0.2.0.tgz#7f5ee823ae805207c00af2df4a84ec3fcfa570b4"
  integrity sha512-N+8UisAXDGk8PFXP4HAzVR9nbfmVJ3zYLAWiTIoqC5v5isinhr+r5uaO8+7r3BMfuNIufIsA7RdpVgacC2cSpw==

thenify-all@^1.0.0:
  version "1.6.0"
  resolved "https://registry.yarnpkg.com/thenify-all/-/thenify-all-1.6.0.tgz#1a1918d402d8fc3f98fbf234db0bcc8cc10e9726"
  integrity sha512-RNxQH/qI8/t3thXJDwcstUO4zeqo64+Uy/+sNVRBx4Xn2OX+OZ9oP+iJnNFqplFra2ZUVeKCSa2oVWi3T4uVmA==
  dependencies:
    thenify ">= 3.1.0 < 4"

"thenify@>= 3.1.0 < 4":
  version "3.3.1"
  resolved "https://registry.yarnpkg.com/thenify/-/thenify-3.3.1.tgz#8932e686a4066038a016dd9e2ca46add9838a95f"
  integrity sha512-RVZSIV5IG10Hk3enotrhvz0T9em6cyHBLkH/YAZuKqd8hRkKhSfCGIcP2KUY0EPxndzANBmNllzWPwak+bheSw==
  dependencies:
    any-promise "^1.0.0"

tiny-case@^1.0.3:
  version "1.0.3"
  resolved "https://registry.yarnpkg.com/tiny-case/-/tiny-case-1.0.3.tgz#d980d66bc72b5d5a9ca86fb7c9ffdb9c898ddd03"
  integrity sha512-Eet/eeMhkO6TX8mnUteS9zgPbUMQa4I6Kkp5ORiBD5476/m+PIRiumP5tmh5ioJpH7k51Kehawy2UDfsnxxY8Q==

to-regex-range@^5.0.1:
  version "5.0.1"
  resolved "https://registry.yarnpkg.com/to-regex-range/-/to-regex-range-5.0.1.tgz#1648c44aae7c8d988a326018ed72f5b4dd0392e4"
  integrity sha512-65P7iz6X5yEr1cwcgvQxbbIw7Uk3gOy5dIdtZ4rDveLqhrdJP+Li/Hx6tyK0NEb+2GCyneCMJiGqrADCSNk8sQ==
  dependencies:
    is-number "^7.0.0"

toposort@^2.0.2:
  version "2.0.2"
  resolved "https://registry.yarnpkg.com/toposort/-/toposort-2.0.2.tgz#ae21768175d1559d48bef35420b2f4962f09c330"
  integrity sha512-0a5EOkAUp8D4moMi2W8ZF8jcga7BgZd91O/yabJCFY8az+XSzeGyTKs0Aoo897iV1Nj6guFq8orWDS96z91oGg==

ts-api-utils@^1.0.1:
  version "1.3.0"
  resolved "https://registry.yarnpkg.com/ts-api-utils/-/ts-api-utils-1.3.0.tgz#4b490e27129f1e8e686b45cc4ab63714dc60eea1"
  integrity sha512-UQMIo7pb8WRomKR1/+MFVLTroIvDVtMX3K6OUir8ynLyzB8Jeriont2bTAtmNPa1ekAgN7YPDyf6V+ygrdU+eQ==

ts-interface-checker@^0.1.9:
  version "0.1.13"
  resolved "https://registry.yarnpkg.com/ts-interface-checker/-/ts-interface-checker-0.1.13.tgz#784fd3d679722bc103b1b4b8030bcddb5db2a699"
  integrity sha512-Y/arvbn+rrz3JCKl9C4kVNfTfSm2/mEp5FSz5EsZSANGPSlQrpRI5M4PKF+mJnE52jOO90PnPSc3Ur3bTQw0gA==

tsconfig-paths@^3.15.0:
  version "3.15.0"
  resolved "https://registry.yarnpkg.com/tsconfig-paths/-/tsconfig-paths-3.15.0.tgz#5299ec605e55b1abb23ec939ef15edaf483070d4"
  integrity sha512-2Ac2RgzDe/cn48GvOe3M+o82pEFewD3UPbyoUHHdKasHwJKjds4fLXWf/Ux5kATBKN20oaFGu+jbElp1pos0mg==
  dependencies:
    "@types/json5" "^0.0.29"
    json5 "^1.0.2"
    minimist "^1.2.6"
    strip-bom "^3.0.0"

tslib@^2.4.0:
  version "2.6.2"
  resolved "https://registry.yarnpkg.com/tslib/-/tslib-2.6.2.tgz#703ac29425e7b37cd6fd456e92404d46d1f3e4ae"
  integrity sha512-AEYxH93jGFPn/a2iVAwW87VuUIkR1FVUKB77NwMF7nBTDkDrrT/Hpt/IrCJ0QXhW27jTBDcf5ZY7w6RiqTMw2Q==

type-check@^0.4.0, type-check@~0.4.0:
  version "0.4.0"
  resolved "https://registry.yarnpkg.com/type-check/-/type-check-0.4.0.tgz#07b8203bfa7056c0657050e3ccd2c37730bab8f1"
  integrity sha512-XleUoc9uwGXqjWwXaUTZAmzMcFZ5858QA2vvx1Ur5xIcixXIP+8LnFDgRplU30us6teqdlskFfu+ae4K79Ooew==
  dependencies:
    prelude-ls "^1.2.1"

type-fest@^0.20.2:
  version "0.20.2"
  resolved "https://registry.yarnpkg.com/type-fest/-/type-fest-0.20.2.tgz#1bf207f4b28f91583666cb5fbd327887301cd5f4"
  integrity sha512-Ne+eE4r0/iWnpAxD852z3A+N0Bt5RN//NjJwRd2VFHEmrywxf5vsZlh4R6lixl6B+wz/8d+maTSAkN1FIkI3LQ==

type-fest@^2.19.0:
  version "2.19.0"
  resolved "https://registry.yarnpkg.com/type-fest/-/type-fest-2.19.0.tgz#88068015bb33036a598b952e55e9311a60fd3a9b"
  integrity sha512-RAH822pAdBgcNMAfWnCBU3CFZcfZ/i1eZjwFU/dsLKumyuuP3niueg2UAukXYF0E2AAoc82ZSSf9J0WQBinzHA==

typed-array-buffer@^1.0.2:
  version "1.0.2"
  resolved "https://registry.yarnpkg.com/typed-array-buffer/-/typed-array-buffer-1.0.2.tgz#1867c5d83b20fcb5ccf32649e5e2fc7424474ff3"
  integrity sha512-gEymJYKZtKXzzBzM4jqa9w6Q1Jjm7x2d+sh19AdsD4wqnMPDYyvwpsIc2Q/835kHuo3BEQ7CjelGhfTsoBb2MQ==
  dependencies:
    call-bind "^1.0.7"
    es-errors "^1.3.0"
    is-typed-array "^1.1.13"

typed-array-byte-length@^1.0.1:
  version "1.0.1"
  resolved "https://registry.yarnpkg.com/typed-array-byte-length/-/typed-array-byte-length-1.0.1.tgz#d92972d3cff99a3fa2e765a28fcdc0f1d89dec67"
  integrity sha512-3iMJ9q0ao7WE9tWcaYKIptkNBuOIcZCCT0d4MRvuuH88fEoEH62IuQe0OtraD3ebQEoTRk8XCBoknUNc1Y67pw==
  dependencies:
    call-bind "^1.0.7"
    for-each "^0.3.3"
    gopd "^1.0.1"
    has-proto "^1.0.3"
    is-typed-array "^1.1.13"

typed-array-byte-offset@^1.0.2:
  version "1.0.2"
  resolved "https://registry.yarnpkg.com/typed-array-byte-offset/-/typed-array-byte-offset-1.0.2.tgz#f9ec1acb9259f395093e4567eb3c28a580d02063"
  integrity sha512-Ous0vodHa56FviZucS2E63zkgtgrACj7omjwd/8lTEMEPFFyjfixMZ1ZXenpgCFBBt4EC1J2XsyVS2gkG0eTFA==
  dependencies:
    available-typed-arrays "^1.0.7"
    call-bind "^1.0.7"
    for-each "^0.3.3"
    gopd "^1.0.1"
    has-proto "^1.0.3"
    is-typed-array "^1.1.13"

typed-array-length@^1.0.6:
  version "1.0.6"
  resolved "https://registry.yarnpkg.com/typed-array-length/-/typed-array-length-1.0.6.tgz#57155207c76e64a3457482dfdc1c9d1d3c4c73a3"
  integrity sha512-/OxDN6OtAk5KBpGb28T+HZc2M+ADtvRxXrKKbUwtsLgdoxgX13hyy7ek6bFRl5+aBs2yZzB0c4CnQfAtVypW/g==
  dependencies:
    call-bind "^1.0.7"
    for-each "^0.3.3"
    gopd "^1.0.1"
    has-proto "^1.0.3"
    is-typed-array "^1.1.13"
    possible-typed-array-names "^1.0.0"

typescript@^5:
  version "5.4.5"
  resolved "https://registry.yarnpkg.com/typescript/-/typescript-5.4.5.tgz#42ccef2c571fdbd0f6718b1d1f5e6e5ef006f611"
  integrity sha512-vcI4UpRgg81oIRUFwR0WSIHKt11nJ7SAVlYNIu+QpqeyXP+gpQJy/Z4+F0aGxSE4MqwjyXvW/TzgkLAx2AGHwQ==

unbox-primitive@^1.0.2:
  version "1.0.2"
  resolved "https://registry.yarnpkg.com/unbox-primitive/-/unbox-primitive-1.0.2.tgz#29032021057d5e6cdbd08c5129c226dff8ed6f9e"
  integrity sha512-61pPlCD9h51VoreyJ0BReideM3MDKMKnh6+V9L08331ipq6Q8OFXZYiqP6n/tbHx4s5I9uRhcye6BrbkizkBDw==
  dependencies:
    call-bind "^1.0.2"
    has-bigints "^1.0.2"
    has-symbols "^1.0.3"
    which-boxed-primitive "^1.0.2"

undici-types@~5.26.4:
  version "5.26.5"
  resolved "https://registry.yarnpkg.com/undici-types/-/undici-types-5.26.5.tgz#bcd539893d00b56e964fd2657a4866b221a65617"
  integrity sha512-JlCMO+ehdEIKqlFxk6IfVoAUVmgz7cU7zD/h9XZ0qzeosSHmUJVOzSQvvYSYWXkFXC+IfLKSIffhv0sVZup6pA==

uri-js@^4.2.2:
  version "4.4.1"
  resolved "https://registry.yarnpkg.com/uri-js/-/uri-js-4.4.1.tgz#9b1a52595225859e55f669d928f88c6c57f2a77e"
  integrity sha512-7rKUyy33Q1yc98pQ1DAmLtwX109F7TIfWlW1Ydo8Wl1ii1SeHieeh0HHfPeL2fMXK6z0s8ecKs9frCuLJvndBg==
  dependencies:
    punycode "^2.1.0"

util-deprecate@^1.0.2:
  version "1.0.2"
  resolved "https://registry.yarnpkg.com/util-deprecate/-/util-deprecate-1.0.2.tgz#450d4dc9fa70de732762fbd2d4a28981419a0ccf"
  integrity sha512-EPD5q1uXyFxJpCrLnCc1nHnq3gOa6DZBocAIiI2TaSCA7VCJ1UJDMagCzIkXNsUYfD1daK//LTEQ8xiIbrHtcw==

which-boxed-primitive@^1.0.2:
  version "1.0.2"
  resolved "https://registry.yarnpkg.com/which-boxed-primitive/-/which-boxed-primitive-1.0.2.tgz#13757bc89b209b049fe5d86430e21cf40a89a8e6"
  integrity sha512-bwZdv0AKLpplFY2KZRX6TvyuN7ojjr7lwkg6ml0roIy9YeuSr7JS372qlNW18UQYzgYK9ziGcerWqZOmEn9VNg==
  dependencies:
    is-bigint "^1.0.1"
    is-boolean-object "^1.1.0"
    is-number-object "^1.0.4"
    is-string "^1.0.5"
    is-symbol "^1.0.3"

which-builtin-type@^1.1.3:
  version "1.1.3"
  resolved "https://registry.yarnpkg.com/which-builtin-type/-/which-builtin-type-1.1.3.tgz#b1b8443707cc58b6e9bf98d32110ff0c2cbd029b"
  integrity sha512-YmjsSMDBYsM1CaFiayOVT06+KJeXf0o5M/CAd4o1lTadFAtacTUM49zoYxr/oroopFDfhvN6iEcBxUyc3gvKmw==
  dependencies:
    function.prototype.name "^1.1.5"
    has-tostringtag "^1.0.0"
    is-async-function "^2.0.0"
    is-date-object "^1.0.5"
    is-finalizationregistry "^1.0.2"
    is-generator-function "^1.0.10"
    is-regex "^1.1.4"
    is-weakref "^1.0.2"
    isarray "^2.0.5"
    which-boxed-primitive "^1.0.2"
    which-collection "^1.0.1"
    which-typed-array "^1.1.9"

which-collection@^1.0.1:
  version "1.0.2"
  resolved "https://registry.yarnpkg.com/which-collection/-/which-collection-1.0.2.tgz#627ef76243920a107e7ce8e96191debe4b16c2a0"
  integrity sha512-K4jVyjnBdgvc86Y6BkaLZEN933SwYOuBFkdmBu9ZfkcAbdVbpITnDmjvZ/aQjRXQrv5EPkTnD1s39GiiqbngCw==
  dependencies:
    is-map "^2.0.3"
    is-set "^2.0.3"
    is-weakmap "^2.0.2"
    is-weakset "^2.0.3"

which-typed-array@^1.1.14, which-typed-array@^1.1.15, which-typed-array@^1.1.9:
  version "1.1.15"
  resolved "https://registry.yarnpkg.com/which-typed-array/-/which-typed-array-1.1.15.tgz#264859e9b11a649b388bfaaf4f767df1f779b38d"
  integrity sha512-oV0jmFtUky6CXfkqehVvBP/LSWJ2sy4vWMioiENyJLePrBO/yKyV9OyJySfAKosh+RYkIl5zJCNZ8/4JncrpdA==
  dependencies:
    available-typed-arrays "^1.0.7"
    call-bind "^1.0.7"
    for-each "^0.3.3"
    gopd "^1.0.1"
    has-tostringtag "^1.0.2"

which@^2.0.1:
  version "2.0.2"
  resolved "https://registry.yarnpkg.com/which/-/which-2.0.2.tgz#7c6a8dd0a636a0327e10b59c9286eee93f3f51b1"
  integrity sha512-BLI3Tl1TW3Pvl70l3yq3Y64i+awpwXqsGBYWkkqMtnbXgrMD+yj7rhW0kuEDxzJaYXGjEW5ogapKNMEKNMjibA==
  dependencies:
    isexe "^2.0.0"

word-wrap@^1.2.5:
  version "1.2.5"
  resolved "https://registry.yarnpkg.com/word-wrap/-/word-wrap-1.2.5.tgz#d2c45c6dd4fbce621a66f136cbe328afd0410b34"
  integrity sha512-BN22B5eaMMI9UMtjrGd5g5eCYPpCPDUy0FJXbYsaT5zYxjFOckS53SQDE3pWkVoWpHXVb3BrYcEN4Twa55B5cA==

"wrap-ansi-cjs@npm:wrap-ansi@^7.0.0":
  version "7.0.0"
  resolved "https://registry.yarnpkg.com/wrap-ansi/-/wrap-ansi-7.0.0.tgz#67e145cff510a6a6984bdf1152911d69d2eb9e43"
  integrity sha512-YVGIj2kamLSTxw6NsZjoBxfSwsn0ycdesmc4p+Q21c5zPuZ1pl+NfxVdxPtdHvmNVOQ6XSYG4AUtyt/Fi7D16Q==
  dependencies:
    ansi-styles "^4.0.0"
    string-width "^4.1.0"
    strip-ansi "^6.0.0"

wrap-ansi@^8.1.0:
  version "8.1.0"
  resolved "https://registry.yarnpkg.com/wrap-ansi/-/wrap-ansi-8.1.0.tgz#56dc22368ee570face1b49819975d9b9a5ead214"
  integrity sha512-si7QWI6zUMq56bESFvagtmzMdGOtoxfR+Sez11Mobfc7tm+VkUckk9bW2UeffTGVUbOksxmSw0AA2gs8g71NCQ==
  dependencies:
    ansi-styles "^6.1.0"
    string-width "^5.0.1"
    strip-ansi "^7.0.1"

wrappy@1:
  version "1.0.2"
  resolved "https://registry.yarnpkg.com/wrappy/-/wrappy-1.0.2.tgz#b5243d8f3ec1aa35f1364605bc0d1036e30ab69f"
  integrity sha512-l4Sp/DRseor9wL6EvV2+TuQn63dMkPjZ/sp9XkghTEbV9KlPS1xUsZ3u7/IQO4wxtcFB4bgpQPRcR3QCvezPcQ==

yaml@^2.3.4:
  version "2.4.2"
  resolved "https://registry.yarnpkg.com/yaml/-/yaml-2.4.2.tgz#7a2b30f2243a5fc299e1f14ca58d475ed4bc5362"
  integrity sha512-B3VqDZ+JAg1nZpaEmWtTXUlBneoGx6CPM9b0TENK6aoSu5t73dItudwdgmi6tHlIZZId4dZ9skcAQ2UbcyAeVA==

yocto-queue@^0.1.0:
  version "0.1.0"
  resolved "https://registry.yarnpkg.com/yocto-queue/-/yocto-queue-0.1.0.tgz#0294eb3dee05028d31ee1a5fa2c556a6aaf10a1b"
  integrity sha512-rVksvsnNCdJ/ohGc6xgPwyN8eheCxsiLM8mxuE/t/mOVqJewPuO1miLpTHQiRgTKCLexL4MeAFVagts7HmNZ2Q==

yup@^1.4.0:
  version "1.4.0"
  resolved "https://registry.yarnpkg.com/yup/-/yup-1.4.0.tgz#898dcd660f9fb97c41f181839d3d65c3ee15a43e"
  integrity sha512-wPbgkJRCqIf+OHyiTBQoJiP5PFuAXaWiJK6AmYkzQAh5/c2K9hzSApBZG5wV9KoKSePF7sAxmNSvh/13YHkFDg==
  dependencies:
    property-expr "^2.0.5"
    tiny-case "^1.0.3"
    toposort "^2.0.2"
    type-fest "^2.19.0"